
Microsoft Visual Studio Solution File, Format Version 12.00
# Visual Studio 15
VisualStudioVersion = 15.0.26730.12
MinimumVisualStudioVersion = 10.0.40219.1
Project("{FAE04EC0-301F-11D3-BF4B-00C04F79EFBC}") = "BoardGamesMVC", "BoardGamesMVC\BoardGamesMVC.csproj", "{D7724F54-0EAC-492D-A782-B0860EB2622E}"
EndProject
Global
	GlobalSection(SolutionConfigurationPlatforms) = preSolution
		Debug|Any CPU = Debug|Any CPU
		Release|Any CPU = Release|Any CPU
	EndGlobalSection
	GlobalSection(ProjectConfigurationPlatforms) = postSolution
		{D7724F54-0EAC-492D-A782-B0860EB2622E}.Debug|Any CPU.ActiveCfg = Debug|Any CPU
		{D7724F54-0EAC-492D-A782-B0860EB2622E}.Debug|Any CPU.Build.0 = Debug|Any CPU
		{D7724F54-0EAC-492D-A782-B0860EB2622E}.Release|Any CPU.ActiveCfg = Release|Any CPU
		{D7724F54-0EAC-492D-A782-B0860EB2622E}.Release|Any CPU.Build.0 = Release|Any CPU
	EndGlobalSection
	GlobalSection(SolutionProperties) = preSolution
		HideSolutionNode = FALSE
	EndGlobalSection
	GlobalSection(ExtensibilityGlobals) = postSolution
		SolutionGuid = {2E81C41B-6766-4A60-AA91-3B4DDA51D9D7}
	EndGlobalSection
EndGlobal
